{
  "version": 4,
  "terraform_version": "1.15.6",
  "serial": 4,
  "lineage": "2f96064d-3b0b-b218-6359-71781de2d0cd",
  "outputs": {
    "cluster_endpoint": {
      "value": "https://FA5090EDA2A2F0EAAD4AC18EB7713DB1.gr7.us-east-1.eks.amazonaws.com",
      "type": "string"
    },
    "cluster_name": {
      "value": "skyline-prod-eks",
      "type": "string"
    },
    "eso_role_arn": {
      "value": "arn:aws:iam::764988411222:role/skyline-external-secrets",
      "type": "string"
    },
    "kubeconfig_command": {
      "value": "aws eks update-kubeconfig --region us-east-1 --name skyline-prod-eks",
      "type": "string"
    },
    "node_group_name": {
      "value": "skyline-prod-eks-nodes",
      "type": "string"
    },
    "oidc_provider_arn": {
      "value": "arn:aws:iam::764988411222:oidc-provider/oidc.eks.us-east-1.amazonaws.com/id/FA5090EDA2A2F0EAAD4AC18EB7713DB1",
      "type": "string"
    }
  },
  "resources": [
    {
      "mode": "data",
      "type": "aws_caller_identity",
      "name": "current",
      "provider": "provider[\"registry.terraform.io/hashicorp/aws\"]",
      "instances": [
        {
          "schema_version": 0,
          "attributes": {
            "account_id": "764988411222",
            "arn": "arn:aws:iam::764988411222:user/Viateur",
            "id": "764988411222",
            "user_id": "AIDA3EHG4ZVLNQGHUEE6A"
          },
          "sensitive_attributes": [],
          "identity_schema_version": 0
        }
      ]
    },
    {
      "mode": "data",
      "type": "aws_iam_policy_document",
      "name": "eso_assume",
      "provider": "provider[\"registry.terraform.io/hashicorp/aws\"]",
      "instances": [
        {
          "schema_version": 0,
          "attributes": {
            "id": "2753367233",
            "json": "{\n  \"Version\": \"2012-10-17\",\n  \"Statement\": [\n    {\n      \"Effect\": \"Allow\",\n      \"Action\": \"sts:AssumeRoleWithWebIdentity\",\n      \"Principal\": {\n        \"Federated\": \"arn:aws:iam::764988411222:oidc-provider/oidc.eks.us-east-1.amazonaws.com/id/FA5090EDA2A2F0EAAD4AC18EB7713DB1\"\n      },\n      \"Condition\": {\n        \"StringEquals\": {\n          \"oidc.eks.us-east-1.amazonaws.com/id/FA5090EDA2A2F0EAAD4AC18EB7713DB1:aud\": \"sts.amazonaws.com\",\n          \"oidc.eks.us-east-1.amazonaws.com/id/FA5090EDA2A2F0EAAD4AC18EB7713DB1:sub\": \"system:serviceaccount:external-secrets:external-secrets\"\n        }\n      }\n    }\n  ]\n}",
            "minified_json": "{\"Version\":\"2012-10-17\",\"Statement\":[{\"Effect\":\"Allow\",\"Action\":\"sts:AssumeRoleWithWebIdentity\",\"Principal\":{\"Federated\":\"arn:aws:iam::764988411222:oidc-provider/oidc.eks.us-east-1.amazonaws.com/id/FA5090EDA2A2F0EAAD4AC18EB7713DB1\"},\"Condition\":{\"StringEquals\":{\"oidc.eks.us-east-1.amazonaws.com/id/FA5090EDA2A2F0EAAD4AC18EB7713DB1:aud\":\"sts.amazonaws.com\",\"oidc.eks.us-east-1.amazonaws.com/id/FA5090EDA2A2F0EAAD4AC18EB7713DB1:sub\":\"system:serviceaccount:external-secrets:external-secrets\"}}}]}",
            "override_json": null,
            "override_policy_documents": null,
            "policy_id": null,
            "source_json": null,
            "source_policy_documents": null,
            "statement": [
              {
                "actions": [
                  "sts:AssumeRoleWithWebIdentity"
                ],
                "condition": [
                  {
                    "test": "StringEquals",
                    "values": [
                      "sts.amazonaws.com"
                    ],
                    "variable": "oidc.eks.us-east-1.amazonaws.com/id/FA5090EDA2A2F0EAAD4AC18EB7713DB1:aud"
                  },
                  {
                    "test": "StringEquals",
                    "values": [
                      "system:serviceaccount:external-secrets:external-secrets"
                    ],
                    "variable": "oidc.eks.us-east-1.amazonaws.com/id/FA5090EDA2A2F0EAAD4AC18EB7713DB1:sub"
                  }
                ],
                "effect": "Allow",
                "not_actions": [],
                "not_principals": [],
                "not_resources": [],
                "principals": [
                  {
                    "identifiers": [
                      "arn:aws:iam::764988411222:oidc-provider/oidc.eks.us-east-1.amazonaws.com/id/FA5090EDA2A2F0EAAD4AC18EB7713DB1"
                    ],
                    "type": "Federated"
                  }
                ],
                "resources": [],
                "sid": ""
              }
            ],
            "version": "2012-10-17"
          },
          "sensitive_attributes": [],
          "identity_schema_version": 0
        }
      ]
    },
    {
      "mode": "data",
      "type": "aws_ssm_parameter",
      "name": "private_subnets",
      "provider": "provider[\"registry.terraform.io/hashicorp/aws\"]",
      "instances": [
        {
          "schema_version": 0,
          "attributes": {
            "arn": "arn:aws:ssm:us-east-1:764988411222:parameter/skyline/prod/vpc/private-subnet-ids",
            "id": "/skyline/prod/vpc/private-subnet-ids",
            "insecure_value": "subnet-00c28055454beefa8,subnet-07fe3bc3717287018",
            "name": "/skyline/prod/vpc/private-subnet-ids",
            "type": "StringList",
            "value": "subnet-00c28055454beefa8,subnet-07fe3bc3717287018",
            "version": 1,
            "with_decryption": true
          },
          "sensitive_attributes": [
            [
              {
                "type": "get_attr",
                "value": "value"
              }
            ]
          ],
          "identity_schema_version": 0
        }
      ]
    },
    {
      "mode": "data",
      "type": "aws_ssm_parameter",
      "name": "public_subnets",
      "provider": "provider[\"registry.terraform.io/hashicorp/aws\"]",
      "instances": [
        {
          "schema_version": 0,
          "attributes": {
            "arn": "arn:aws:ssm:us-east-1:764988411222:parameter/skyline/prod/vpc/public-subnet-ids",
            "id": "/skyline/prod/vpc/public-subnet-ids",
            "insecure_value": "subnet-0a1c93661eeb777af,subnet-0941d5098309bba97",
            "name": "/skyline/prod/vpc/public-subnet-ids",
            "type": "StringList",
            "value": "subnet-0a1c93661eeb777af,subnet-0941d5098309bba97",
            "version": 1,
            "with_decryption": true
          },
          "sensitive_attributes": [
            [
              {
                "type": "get_attr",
                "value": "value"
              }
            ]
          ],
          "identity_schema_version": 0
        }
      ]
    },
    {
      "mode": "data",
      "type": "aws_ssm_parameter",
      "name": "vpc_id",
      "provider": "provider[\"registry.terraform.io/hashicorp/aws\"]",
      "instances": [
        {
          "schema_version": 0,
          "attributes": {
            "arn": "arn:aws:ssm:us-east-1:764988411222:parameter/skyline/prod/vpc/id",
            "id": "/skyline/prod/vpc/id",
            "insecure_value": "vpc-065e8c18260e3d1f3",
            "name": "/skyline/prod/vpc/id",
            "type": "String",
            "value": "vpc-065e8c18260e3d1f3",
            "version": 1,
            "with_decryption": true
          },
          "sensitive_attributes": [
            [
              {
                "type": "get_attr",
                "value": "value"
              }
            ]
          ],
          "identity_schema_version": 0
        }
      ]
    },
    {
      "mode": "managed",
      "type": "aws_iam_role",
      "name": "eso",
      "provider": "provider[\"registry.terraform.io/hashicorp/aws\"]",
      "instances": [
        {
          "schema_version": 0,
          "attributes": {
            "arn": "arn:aws:iam::764988411222:role/skyline-external-secrets",
            "assume_role_policy": "{\"Statement\":[{\"Action\":\"sts:AssumeRoleWithWebIdentity\",\"Condition\":{\"StringEquals\":{\"oidc.eks.us-east-1.amazonaws.com/id/FA5090EDA2A2F0EAAD4AC18EB7713DB1:aud\":\"sts.amazonaws.com\",\"oidc.eks.us-east-1.amazonaws.com/id/FA5090EDA2A2F0EAAD4AC18EB7713DB1:sub\":\"system:serviceaccount:external-secrets:external-secrets\"}},\"Effect\":\"Allow\",\"Principal\":{\"Federated\":\"arn:aws:iam::764988411222:oidc-provider/oidc.eks.us-east-1.amazonaws.com/id/FA5090EDA2A2F0EAAD4AC18EB7713DB1\"}}],\"Version\":\"2012-10-17\"}",
            "create_date": "2026-06-25T17:58:47Z",
            "description": "",
            "force_detach_policies": false,
            "id": "skyline-external-secrets",
            "inline_policy": [
              {
                "name": "skyline-external-secrets-policy",
                "policy": "{\"Version\":\"2012-10-17\",\"Statement\":[{\"Action\":[\"secretsmanager:GetSecretValue\",\"secretsmanager:DescribeSecret\"],\"Effect\":\"Allow\",\"Resource\":\"arn:aws:secretsmanager:us-east-1:764988411222:secret:skyline/*\"}]}"
              }
            ],
            "managed_policy_arns": [],
            "max_session_duration": 3600,
            "name": "skyline-external-secrets",
            "name_prefix": "",
            "path": "/",
            "permissions_boundary": "",
            "tags": {
              "Environment": "prod",
              "ManagedBy": "terraform",
              "Project": "skyline",
              "Stack": "eks"
            },
            "tags_all": {
              "Environment": "prod",
              "ManagedBy": "terraform",
              "Project": "skyline",
              "Stack": "eks"
            },
            "unique_id": "AROA3EHG4ZVLA4REWGV4B"
          },
          "sensitive_attributes": [],
          "identity_schema_version": 0,
          "private": "bnVsbA==",
          "dependencies": [
            "data.aws_iam_policy_document.eso_assume",
            "data.aws_ssm_parameter.private_subnets",
            "data.aws_ssm_parameter.public_subnets",
            "data.aws_ssm_parameter.vpc_id",
            "module.eks_cluster.aws_eks_cluster.this",
            "module.eks_cluster.aws_iam_openid_connect_provider.this",
            "module.eks_cluster.aws_iam_role.cluster",
            "module.eks_cluster.aws_iam_role_policy_attachment.cluster_policy",
            "module.eks_cluster.aws_security_group.cluster",
            "module.eks_cluster.data.tls_certificate.eks"
          ]
        }
      ]
    },
    {
      "mode": "managed",
      "type": "aws_iam_role_policy",
      "name": "eso",
      "provider": "provider[\"registry.terraform.io/hashicorp/aws\"]",
      "instances": [
        {
          "schema_version": 0,
          "attributes": {
            "id": "skyline-external-secrets:skyline-external-secrets-policy",
            "name": "skyline-external-secrets-policy",
            "name_prefix": "",
            "policy": "{\"Version\":\"2012-10-17\",\"Statement\":[{\"Action\":[\"secretsmanager:GetSecretValue\",\"secretsmanager:DescribeSecret\"],\"Effect\":\"Allow\",\"Resource\":\"arn:aws:secretsmanager:us-east-1:764988411222:secret:skyline/*\"}]}",
            "role": "skyline-external-secrets"
          },
          "sensitive_attributes": [],
          "identity_schema_version": 0,
          "private": "bnVsbA==",
          "dependencies": [
            "aws_iam_role.eso",
            "data.aws_caller_identity.current",
            "data.aws_iam_policy_document.eso_assume",
            "data.aws_ssm_parameter.private_subnets",
            "data.aws_ssm_parameter.public_subnets",
            "data.aws_ssm_parameter.vpc_id",
            "module.eks_cluster.aws_eks_cluster.this",
            "module.eks_cluster.aws_iam_openid_connect_provider.this",
            "module.eks_cluster.aws_iam_role.cluster",
            "module.eks_cluster.aws_iam_role_policy_attachment.cluster_policy",
            "module.eks_cluster.aws_security_group.cluster",
            "module.eks_cluster.data.tls_certificate.eks"
          ]
        }
      ]
    },
    {
      "mode": "managed",
      "type": "aws_ssm_parameter",
      "name": "cluster_name",
      "provider": "provider[\"registry.terraform.io/hashicorp/aws\"]",
      "instances": [
        {
          "schema_version": 0,
          "attributes": {
            "allowed_pattern": "",
            "arn": "arn:aws:ssm:us-east-1:764988411222:parameter/skyline/prod/eks/cluster-name",
            "data_type": "text",
            "description": "",
            "has_value_wo": null,
            "id": "/skyline/prod/eks/cluster-name",
            "insecure_value": null,
            "key_id": "",
            "name": "/skyline/prod/eks/cluster-name",
            "overwrite": null,
            "tags": {
              "Environment": "prod",
              "ManagedBy": "terraform",
              "Project": "skyline",
              "Stack": "eks"
            },
            "tags_all": {
              "Environment": "prod",
              "ManagedBy": "terraform",
              "Project": "skyline",
              "Stack": "eks"
            },
            "tier": "Standard",
            "type": "String",
            "value": "skyline-prod-eks",
            "value_wo": null,
            "value_wo_version": null,
            "version": 1
          },
          "sensitive_attributes": [
            [
              {
                "type": "get_attr",
                "value": "value"
              }
            ],
            [
              {
                "type": "get_attr",
                "value": "value_wo"
              }
            ]
          ],
          "identity_schema_version": 0,
          "private": "bnVsbA==",
          "dependencies": [
            "data.aws_ssm_parameter.private_subnets",
            "data.aws_ssm_parameter.public_subnets",
            "data.aws_ssm_parameter.vpc_id",
            "module.eks_cluster.aws_eks_cluster.this",
            "module.eks_cluster.aws_iam_role.cluster",
            "module.eks_cluster.aws_iam_role_policy_attachment.cluster_policy",
            "module.eks_cluster.aws_security_group.cluster"
          ]
        }
      ]
    },
    {
      "module": "module.eks_cluster",
      "mode": "data",
      "type": "tls_certificate",
      "name": "eks",
      "provider": "provider[\"registry.terraform.io/hashicorp/tls\"]",
      "instances": []
    },
    {
      "module": "module.eks_cluster",
      "mode": "managed",
      "type": "aws_eks_cluster",
      "name": "this",
      "provider": "provider[\"registry.terraform.io/hashicorp/aws\"]",
      "instances": [
        {
          "schema_version": 1,
          "attributes": {
            "access_config": [
              {
                "authentication_mode": "API_AND_CONFIG_MAP",
                "bootstrap_cluster_creator_admin_permissions": true
              }
            ],
            "arn": "arn:aws:eks:us-east-1:764988411222:cluster/skyline-prod-eks",
            "bootstrap_self_managed_addons": true,
            "certificate_authority": [
              {
                "data": "LS0tLS1CRUdJTiBDRVJUSUZJQ0FURS0tLS0tCk1JSURCVENDQWUyZ0F3SUJBZ0lJS2VsRGFTQWFWQUV3RFFZSktvWklodmNOQVFFTEJRQXdGVEVUTUJFR0ExVUUKQXhNS2EzVmlaWEp1WlhSbGN6QWVGdzB5TmpBMk1qVXhOalV4TURkYUZ3MHpOakEyTWpJeE5qVTJNRGRhTUJVeApFekFSQmdOVkJBTVRDbXQxWW1WeWJtVjBaWE13Z2dFaU1BMEdDU3FHU0liM0RRRUJBUVVBQTRJQkR3QXdnZ0VLCkFvSUJBUURCeDNTZXcvYVhmT2IwNmlhNk8zemFJanJZTHVZL1ZkajIvdXpxdzhWZEhOSlJMVWRzQmgrUE1za2sKWkRIcXpHWnFkUHlPTVYzTGdkZm9vZ3FiY1BEUXcwQTdRb0tscnpPbXJRNkdLbllsV1k3bVFVcmh5Vks4TE5xWQpLaWp5bGNPUlplZGVVUUVZWjEzS2ZjVTBpRTFxTUY2bXlGVGhJL0Qwc1FyclkrallsamhOR2dLaUIyR0JIZ2w2CnpJWldCUjE5UVpkNVc3eGc2TGcxS1JUVGdjUG1ycjlpTEVwWlNmWkNBYmlkaXdWRmNlKy9NTVdST3E2TTh1MysKRjJWM1U5WnM2emxSRVU2Y3BwdGhZZmEydkhEVE5NUXp1SGNTRm8wMTd4Q3pIT1hpalFqWHJZQVlpVENNQzJuTApaVkszTjJoNmZzRVl6RUpWYUpUenlvb2VPNHpyQWdNQkFBR2pXVEJYTUE0R0ExVWREd0VCL3dRRUF3SUNwREFQCkJnTlZIUk1CQWY4RUJUQURBUUgvTUIwR0ExVWREZ1FXQkJRN0s4VDBQT1JiM0tHalZXZHJER3lUNHRJQ3h6QVYKQmdOVkhSRUVEakFNZ2dwcmRXSmxjbTVsZEdWek1BMEdDU3FHU0liM0RRRUJDd1VBQTRJQkFRQlhkMktucHhudwo2Y2RPUEF1OWFWS09SL1R6eC9LWXg3VmY2WmdTOXNDTmU5QmQ5R1FOL0h4TUc3L0o2Z3p0aUhXM3NxN25JU0NtCkQxSFNsNy9VVkk0Q0VXWGR1dzVVT3QrU3pZZUVQdklFajJ3dHBFWjFzamJtOTFwZWdDTzZPK2pZSUw1ZGxpZXgKekRsanFSOWFING85NUF1Y081L0hBcUsyUnBkREttUmZSckdTbi9mMUxjbHhabVgyaExKSkV3bzJHdXdJcnZqdgo3ZzFaeHgwWm5EK0w5TjNBQ2FvckU1a0F6MG5uVUp1VVR5Ty9VUys4dEVjajVQeVlLVW1EVkN2UWlmRE45U2ZxCkhtQXNZVHhZYlNJb0R3azk0OG42anNVbGlNMDNmZEEwdlE0aVI0UGRvRXBtOTl6eE9UYmFDUUUvbUdFQ3NtZ1EKcVNGb2FqbkFzeXQ5Ci0tLS0tRU5EIENFUlRJRklDQVRFLS0tLS0K"
              }
            ],
            "cluster_id": null,
            "compute_config": [],
            "created_at": "2026-06-25T16:49:48Z",
            "enabled_cluster_log_types": [
              "api",
              "audit",
              "authenticator",
              "controllerManager",
              "scheduler"
            ],
            "encryption_config": [],
            "endpoint": "https://FA5090EDA2A2F0EAAD4AC18EB7713DB1.gr7.us-east-1.eks.amazonaws.com",
            "force_update_version": null,
            "id": "skyline-prod-eks",
            "identity": [
              {
                "oidc": [
                  {
                    "issuer": "https://oidc.eks.us-east-1.amazonaws.com/id/FA5090EDA2A2F0EAAD4AC18EB7713DB1"
                  }
                ]
              }
            ],
            "kubernetes_network_config": [
              {
                "elastic_load_balancing": [
                  {
                    "enabled": false
                  }
                ],
                "ip_family": "ipv4",
                "service_ipv4_cidr": "172.20.0.0/16",
                "service_ipv6_cidr": ""
              }
            ],
            "name": "skyline-prod-eks",
            "outpost_config": [],
            "platform_version": "eks.62",
            "remote_network_config": [],
            "role_arn": "arn:aws:iam::764988411222:role/skyline-prod-eks-role",
            "status": "ACTIVE",
            "storage_config": [],
            "tags": {
              "Environment": "prod",
              "ManagedBy": "terraform",
              "Project": "skyline",
              "Stack": "eks"
            },
            "tags_all": {
              "Environment": "prod",
              "ManagedBy": "terraform",
              "Project": "skyline",
              "Stack": "eks"
            },
            "timeouts": null,
            "upgrade_policy": [
              {
                "support_type": "EXTENDED"
              }
            ],
            "version": "1.31",
            "vpc_config": [
              {
                "cluster_security_group_id": "sg-03835caf2b894bcf3",
                "endpoint_private_access": true,
                "endpoint_public_access": true,
                "public_access_cidrs": [
                  "0.0.0.0/0"
                ],
                "security_group_ids": [
                  "sg-01810af51fe51a7f5"
                ],
                "subnet_ids": [
                  "subnet-00c28055454beefa8",
                  "subnet-07fe3bc3717287018",
                  "subnet-0941d5098309bba97",
                  "subnet-0a1c93661eeb777af"
                ],
                "vpc_id": "vpc-065e8c18260e3d1f3"
              }
            ],
            "zonal_shift_config": []
          },
          "sensitive_attributes": [
            [
              {
                "type": "get_attr",
                "value": "vpc_config"
              },
              {
                "type": "index",
                "value": {
                  "value": 0,
                  "type": "number"
                }
              },
              {
                "type": "get_attr",
                "value": "subnet_ids"
              }
            ]
          ],
          "identity_schema_version": 0,
          "private": "eyJlMmJmYjczMC1lY2FhLTExZTYtOGY4OC0zNDM2M2JjN2M0YzAiOnsiY3JlYXRlIjoxODAwMDAwMDAwMDAwLCJkZWxldGUiOjkwMDAwMDAwMDAwMCwidXBkYXRlIjozNjAwMDAwMDAwMDAwfSwic2NoZW1hX3ZlcnNpb24iOiIxIn0=",
          "dependencies": [
            "data.aws_ssm_parameter.private_subnets",
            "data.aws_ssm_parameter.public_subnets",
            "data.aws_ssm_parameter.vpc_id",
            "module.eks_cluster.aws_iam_role.cluster",
            "module.eks_cluster.aws_iam_role_policy_attachment.cluster_policy",
            "module.eks_cluster.aws_security_group.cluster"
          ]
        }
      ]
    },
    {
      "module": "module.eks_cluster",
      "mode": "managed",
      "type": "aws_iam_openid_connect_provider",
      "name": "this",
      "provider": "provider[\"registry.terraform.io/hashicorp/aws\"]",
      "instances": [
        {
          "schema_version": 0,
          "attributes": {
            "arn": "arn:aws:iam::764988411222:oidc-provider/oidc.eks.us-east-1.amazonaws.com/id/FA5090EDA2A2F0EAAD4AC18EB7713DB1",
            "client_id_list": [
              "sts.amazonaws.com"
            ],
            "id": "arn:aws:iam::764988411222:oidc-provider/oidc.eks.us-east-1.amazonaws.com/id/FA5090EDA2A2F0EAAD4AC18EB7713DB1",
            "tags": {
              "Environment": "prod",
              "ManagedBy": "terraform",
              "Project": "skyline",
              "Stack": "eks"
            },
            "tags_all": {
              "Environment": "prod",
              "ManagedBy": "terraform",
              "Project": "skyline",
              "Stack": "eks"
            },
            "thumbprint_list": [
              "06b25927c42a721631c1efd9431e648fa62e1e39"
            ],
            "url": "oidc.eks.us-east-1.amazonaws.com/id/FA5090EDA2A2F0EAAD4AC18EB7713DB1"
          },
          "sensitive_attributes": [],
          "identity_schema_version": 0,
          "private": "bnVsbA==",
          "dependencies": [
            "data.aws_ssm_parameter.private_subnets",
            "data.aws_ssm_parameter.public_subnets",
            "data.aws_ssm_parameter.vpc_id",
            "module.eks_cluster.aws_eks_cluster.this",
            "module.eks_cluster.aws_iam_role.cluster",
            "module.eks_cluster.aws_iam_role_policy_attachment.cluster_policy",
            "module.eks_cluster.aws_security_group.cluster",
            "module.eks_cluster.data.tls_certificate.eks"
          ]
        }
      ]
    },
    {
      "module": "module.eks_cluster",
      "mode": "managed",
      "type": "aws_iam_role",
      "name": "cluster",
      "provider": "provider[\"registry.terraform.io/hashicorp/aws\"]",
      "instances": [
        {
          "schema_version": 0,
          "attributes": {
            "arn": "arn:aws:iam::764988411222:role/skyline-prod-eks-role",
            "assume_role_policy": "{\"Statement\":[{\"Action\":\"sts:AssumeRole\",\"Effect\":\"Allow\",\"Principal\":{\"Service\":\"eks.amazonaws.com\"}}],\"Version\":\"2012-10-17\"}",
            "create_date": "2026-06-25T16:49:39Z",
            "description": "",
            "force_detach_policies": false,
            "id": "skyline-prod-eks-role",
            "inline_policy": [],
            "managed_policy_arns": [
              "arn:aws:iam::aws:policy/AmazonEKSClusterPolicy"
            ],
            "max_session_duration": 3600,
            "name": "skyline-prod-eks-role",
            "name_prefix": "",
            "path": "/",
            "permissions_boundary": "",
            "tags": {
              "Environment": "prod",
              "ManagedBy": "terraform",
              "Project": "skyline",
              "Stack": "eks"
            },
            "tags_all": {
              "Environment": "prod",
              "ManagedBy": "terraform",
              "Project": "skyline",
              "Stack": "eks"
            },
            "unique_id": "AROA3EHG4ZVLL5AZ6WZYZ"
          },
          "sensitive_attributes": [],
          "identity_schema_version": 0,
          "private": "bnVsbA=="
        }
      ]
    },
    {
      "module": "module.eks_cluster",
      "mode": "managed",
      "type": "aws_iam_role",
      "name": "node",
      "provider": "provider[\"registry.terraform.io/hashicorp/aws\"]",
      "instances": [
        {
          "schema_version": 0,
          "attributes": {
            "arn": "arn:aws:iam::764988411222:role/skyline-prod-eks-node-role",
            "assume_role_policy": "{\"Statement\":[{\"Action\":\"sts:AssumeRole\",\"Effect\":\"Allow\",\"Principal\":{\"Service\":\"ec2.amazonaws.com\"}}],\"Version\":\"2012-10-17\"}",
            "create_date": "2026-06-25T16:49:39Z",
            "description": "",
            "force_detach_policies": false,
            "id": "skyline-prod-eks-node-role",
            "inline_policy": [],
            "managed_policy_arns": [
              "arn:aws:iam::aws:policy/AmazonEC2ContainerRegistryReadOnly",
              "arn:aws:iam::aws:policy/AmazonEKSWorkerNodePolicy",
              "arn:aws:iam::aws:policy/AmazonEKS_CNI_Policy"
            ],
            "max_session_duration": 3600,
            "name": "skyline-prod-eks-node-role",
            "name_prefix": "",
            "path": "/",
            "permissions_boundary": "",
            "tags": {
              "Environment": "prod",
              "ManagedBy": "terraform",
              "Project": "skyline",
              "Stack": "eks"
            },
            "tags_all": {
              "Environment": "prod",
              "ManagedBy": "terraform",
              "Project": "skyline",
              "Stack": "eks"
            },
            "unique_id": "AROA3EHG4ZVLJMKFQ2EYH"
          },
          "sensitive_attributes": [],
          "identity_schema_version": 0,
          "private": "bnVsbA=="
        }
      ]
    },
    {
      "module": "module.eks_cluster",
      "mode": "managed",
      "type": "aws_iam_role_policy_attachment",
      "name": "cluster_policy",
      "provider": "provider[\"registry.terraform.io/hashicorp/aws\"]",
      "instances": [
        {
          "schema_version": 0,
          "attributes": {
            "id": "skyline-prod-eks-role-20260625164941111400000004",
            "policy_arn": "arn:aws:iam::aws:policy/AmazonEKSClusterPolicy",
            "role": "skyline-prod-eks-role"
          },
          "sensitive_attributes": [],
          "identity_schema_version": 0,
          "private": "bnVsbA==",
          "dependencies": [
            "module.eks_cluster.aws_iam_role.cluster"
          ]
        }
      ]
    },
    {
      "module": "module.eks_cluster",
      "mode": "managed",
      "type": "aws_iam_role_policy_attachment",
      "name": "node_cni",
      "provider": "provider[\"registry.terraform.io/hashicorp/aws\"]",
      "instances": [
        {
          "schema_version": 0,
          "attributes": {
            "id": "skyline-prod-eks-node-role-20260625164940560800000001",
            "policy_arn": "arn:aws:iam::aws:policy/AmazonEKS_CNI_Policy",
            "role": "skyline-prod-eks-node-role"
          },
          "sensitive_attributes": [],
          "identity_schema_version": 0,
          "private": "bnVsbA==",
          "dependencies": [
            "module.eks_cluster.aws_iam_role.node"
          ]
        }
      ]
    },
    {
      "module": "module.eks_cluster",
      "mode": "managed",
      "type": "aws_iam_role_policy_attachment",
      "name": "node_ecr",
      "provider": "provider[\"registry.terraform.io/hashicorp/aws\"]",
      "instances": [
        {
          "schema_version": 0,
          "attributes": {
            "id": "skyline-prod-eks-node-role-20260625164940760300000002",
            "policy_arn": "arn:aws:iam::aws:policy/AmazonEC2ContainerRegistryReadOnly",
            "role": "skyline-prod-eks-node-role"
          },
          "sensitive_attributes": [],
          "identity_schema_version": 0,
          "private": "bnVsbA==",
          "dependencies": [
            "module.eks_cluster.aws_iam_role.node"
          ]
        }
      ]
    },
    {
      "module": "module.eks_cluster",
      "mode": "managed",
      "type": "aws_iam_role_policy_attachment",
      "name": "node_worker",
      "provider": "provider[\"registry.terraform.io/hashicorp/aws\"]",
      "instances": [
        {
          "schema_version": 0,
          "attributes": {
            "id": "skyline-prod-eks-node-role-20260625164940877300000003",
            "policy_arn": "arn:aws:iam::aws:policy/AmazonEKSWorkerNodePolicy",
            "role": "skyline-prod-eks-node-role"
          },
          "sensitive_attributes": [],
          "identity_schema_version": 0,
          "private": "bnVsbA==",
          "dependencies": [
            "module.eks_cluster.aws_iam_role.node"
          ]
        }
      ]
    },
    {
      "module": "module.eks_cluster",
      "mode": "managed",
      "type": "aws_security_group",
      "name": "cluster",
      "provider": "provider[\"registry.terraform.io/hashicorp/aws\"]",
      "instances": [
        {
          "schema_version": 1,
          "attributes": {
            "arn": "arn:aws:ec2:us-east-1:764988411222:security-group/sg-01810af51fe51a7f5",
            "description": "EKS control plane security group",
            "egress": [
              {
                "cidr_blocks": [
                  "0.0.0.0/0"
                ],
                "description": "",
                "from_port": 0,
                "ipv6_cidr_blocks": [],
                "prefix_list_ids": [],
                "protocol": "-1",
                "security_groups": [],
                "self": false,
                "to_port": 0
              }
            ],
            "id": "sg-01810af51fe51a7f5",
            "ingress": [],
            "name": "skyline-prod-eks-sg",
            "name_prefix": "",
            "owner_id": "764988411222",
            "revoke_rules_on_delete": false,
            "tags": {
              "Environment": "prod",
              "ManagedBy": "terraform",
              "Name": "skyline-prod-eks-sg",
              "Project": "skyline",
              "Stack": "eks"
            },
            "tags_all": {
              "Environment": "prod",
              "ManagedBy": "terraform",
              "Name": "skyline-prod-eks-sg",
              "Project": "skyline",
              "Stack": "eks"
            },
            "timeouts": null,
            "vpc_id": "vpc-065e8c18260e3d1f3"
          },
          "sensitive_attributes": [
            [
              {
                "type": "get_attr",
                "value": "vpc_id"
              }
            ]
          ],
          "identity_schema_version": 0,
          "private": "eyJlMmJmYjczMC1lY2FhLTExZTYtOGY4OC0zNDM2M2JjN2M0YzAiOnsiY3JlYXRlIjo2MDAwMDAwMDAwMDAsImRlbGV0ZSI6OTAwMDAwMDAwMDAwfSwic2NoZW1hX3ZlcnNpb24iOiIxIn0=",
          "dependencies": [
            "data.aws_ssm_parameter.vpc_id"
          ]
        }
      ]
    },
    {
      "module": "module.eks_nodegroup",
      "mode": "managed",
      "type": "aws_eks_node_group",
      "name": "this",
      "provider": "provider[\"registry.terraform.io/hashicorp/aws\"]",
      "instances": [
        {
          "schema_version": 0,
          "attributes": {
            "ami_type": "AL2023_x86_64_STANDARD",
            "arn": "arn:aws:eks:us-east-1:764988411222:nodegroup/skyline-prod-eks/skyline-prod-eks-nodes/a0cf7fdc-e3b0-4c6b-16e9-248c6f2aa225",
            "capacity_type": "ON_DEMAND",
            "cluster_name": "skyline-prod-eks",
            "disk_size": 20,
            "force_update_version": null,
            "id": "skyline-prod-eks:skyline-prod-eks-nodes",
            "instance_types": [
              "t3.medium"
            ],
            "labels": {
              "role": "worker"
            },
            "launch_template": [],
            "node_group_name": "skyline-prod-eks-nodes",
            "node_group_name_prefix": "",
            "node_repair_config": [],
            "node_role_arn": "arn:aws:iam::764988411222:role/skyline-prod-eks-node-role",
            "release_version": "1.31.14-20260618",
            "remote_access": [],
            "resources": [
              {
                "autoscaling_groups": [
                  {
                    "name": "eks-skyline-prod-eks-nodes-a0cf7fdc-e3b0-4c6b-16e9-248c6f2aa225"
                  }
                ],
                "remote_access_security_group_id": ""
              }
            ],
            "scaling_config": [
              {
                "desired_size": 2,
                "max_size": 4,
                "min_size": 1
              }
            ],
            "status": "ACTIVE",
            "subnet_ids": [
              "subnet-00c28055454beefa8",
              "subnet-07fe3bc3717287018"
            ],
            "tags": {
              "Environment": "prod",
              "ManagedBy": "terraform",
              "Project": "skyline",
              "Stack": "eks"
            },
            "tags_all": {
              "Environment": "prod",
              "ManagedBy": "terraform",
              "Project": "skyline",
              "Stack": "eks"
            },
            "taint": [],
            "timeouts": null,
            "update_config": [
              {
                "max_unavailable": 1,
                "max_unavailable_percentage": 0
              }
            ],
            "version": "1.31"
          },
          "sensitive_attributes": [
            [
              {
                "type": "get_attr",
                "value": "subnet_ids"
              }
            ]
          ],
          "identity_schema_version": 0,
          "private": "eyJlMmJmYjczMC1lY2FhLTExZTYtOGY4OC0zNDM2M2JjN2M0YzAiOnsiY3JlYXRlIjozNjAwMDAwMDAwMDAwLCJkZWxldGUiOjM2MDAwMDAwMDAwMDAsInVwZGF0ZSI6MzYwMDAwMDAwMDAwMH19",
          "dependencies": [
            "data.aws_ssm_parameter.private_subnets",
            "data.aws_ssm_parameter.public_subnets",
            "data.aws_ssm_parameter.vpc_id",
            "module.eks_cluster.aws_eks_cluster.this",
            "module.eks_cluster.aws_iam_role.cluster",
            "module.eks_cluster.aws_iam_role.node",
            "module.eks_cluster.aws_iam_role_policy_attachment.cluster_policy",
            "module.eks_cluster.aws_security_group.cluster"
          ]
        }
      ]
    }
  ],
  "check_results": null
}
